
Microsoft Visual Studio Solution File, Format Version 12.00
# Visual Studio Version 17
VisualStudioVersion = 17.1.32421.90
MinimumVisualStudioVersion = 10.0.40219.1
Project("{FAE04EC0-301F-11D3-BF4B-00C04F79EFBC}") = "ApiUserMinimalista", "ApiUserMinimalista\ApiUserMinimalista.csproj", "{18057859-E4E0-4D5A-B884-274F7740149F}"
EndProject
Global
	GlobalSection(SolutionConfigurationPlatforms) = preSolution
		Debug|Any CPU = Debug|Any CPU
		Release|Any CPU = Release|Any CPU
	EndGlobalSection
	GlobalSection(ProjectConfigurationPlatforms) = postSolution
		{18057859-E4E0-4D5A-B884-274F7740149F}.Debug|Any CPU.ActiveCfg = Debug|Any CPU
		{18057859-E4E0-4D5A-B884-274F7740149F}.Debug|Any CPU.Build.0 = Debug|Any CPU
		{18057859-E4E0-4D5A-B884-274F7740149F}.Release|Any CPU.ActiveCfg = Release|Any CPU
		{18057859-E4E0-4D5A-B884-274F7740149F}.Release|Any CPU.Build.0 = Release|Any CPU
	EndGlobalSection
	GlobalSection(SolutionProperties) = preSolution
		HideSolutionNode = FALSE
	EndGlobalSection
	GlobalSection(ExtensibilityGlobals) = postSolution
		SolutionGuid = {038E3FA7-50A0-4652-9289-913FA3B4D260}
	EndGlobalSection
EndGlobal
